PODS:
  - CometChatPulseSDK (0.0.5)

DEPENDENCIES:
  - CometChatPulseSDK

SPEC REPOS:
  https://github.com/cocoapods/specs.git:
    - CometChatPulseSDK

SPEC CHECKSUMS:
  CometChatPulseSDK: 824205174fc816126e57fc1c49104c8d6e4dec7b

PODFILE CHECKSUM: 1ce07bb2c8e9e1aa6295b310ab89837bb1a8c730

COCOAPODS: 1.5.3
