PODS:
  - CometChatPulseSDK (0.0.3)

DEPENDENCIES:
  - CometChatPulseSDK

SPEC REPOS:
  https://github.com/cocoapods/specs.git:
    - CometChatPulseSDK

SPEC CHECKSUMS:
  CometChatPulseSDK: 49d16cae6338283b6fedc62ffb66a337b301c29a

PODFILE CHECKSUM: 233df8c2ddf69ab198ff0d0d8e46dba14ce9301f

COCOAPODS: 1.5.3
